
Microsoft Visual Studio Solution File, Format Version 12.00
# Visual Studio Version 17
VisualStudioVersion = 17.11.35312.102
MinimumVisualStudioVersion = 10.0.40219.1
Project("{F184B08F-C81C-45F6-A57F-5ABD9991F28F}") = "PW-APGSTG", "PW-APGSTG\PW-APGSTG.vbproj", "{E9EB9795-76B1-4E03-8C49-8B996AC7BF48}"
EndProject
Global
	GlobalSection(SolutionConfigurationPlatforms) = preSolution
		Debug|Any CPU = Debug|Any CPU
		Release|Any CPU = Release|Any CPU
	EndGlobalSection
	GlobalSection(ProjectConfigurationPlatforms) = postSolution
		{E9EB9795-76B1-4E03-8C49-8B996AC7BF48}.Debug|Any CPU.ActiveCfg = Debug|Any CPU
		{E9EB9795-76B1-4E03-8C49-8B996AC7BF48}.Debug|Any CPU.Build.0 = Debug|Any CPU
		{E9EB9795-76B1-4E03-8C49-8B996AC7BF48}.Release|Any CPU.ActiveCfg = Release|Any CPU
		{E9EB9795-76B1-4E03-8C49-8B996AC7BF48}.Release|Any CPU.Build.0 = Release|Any CPU
	EndGlobalSection
	GlobalSection(SolutionProperties) = preSolution
		HideSolutionNode = FALSE
	EndGlobalSection
	GlobalSection(ExtensibilityGlobals) = postSolution
		SolutionGuid = {DA14C671-DAA8-488E-83E5-4590C2D3FCEA}
	EndGlobalSection
EndGlobal
